<?xml version="1.0" encoding="UTF-8" standalone="yes" ?>
<CodeBlocks_project_file>
	<FileVersion major="1" minor="6" />
	<Project>
		<Option title="Open Advanced War" />
		<Option pch_mode="2" />
		<Option default_target="Release" />
		<Option compiler="gcc" />
		<Build>
			<Target title="Debug">
				<Option output="..\OpenAdvancedWar_d" prefix_auto="1" extension_auto="1" />
				<Option working_dir="..\" />
				<Option object_output="..\obj\Debug\" />
				<Option type="1" />
				<Option compiler="gcc" />
				<Compiler>
					<Add option="-g" />
				</Compiler>
				<Linker>
					<Add option="-lsfml2-audio-s-d" />
					<Add option="-lsfml2-graphics-s-d" />
					<Add option="-lsfml2-window-s-d" />
					<Add option="-lsfml2-system-s-d" />
					<Add option="-lluabindd" />
					<Add option="-lboost_filesystem-mgw44-mt-sd-1_43" />
				</Linker>
			</Target>
			<Target title="Release">
				<Option output="..\OpenAdvancedWar" prefix_auto="1" extension_auto="1" />
				<Option working_dir="..\" />
				<Option object_output="..\obj\Release\" />
				<Option type="0" />
				<Option compiler="gcc" />
				<Compiler>
					<Add option="-Os" />
					<Add option="-O3" />
					<Add option="-O2" />
					<Add option="-O1" />
					<Add option="-O" />
				</Compiler>
				<Linker>
					<Add option="-s" />
					<Add option="-lsfml2-audio-s" />
					<Add option="-lsfml2-graphics-s" />
					<Add option="-lsfml2-window-s" />
					<Add option="-lsfml2-system-s" />
					<Add option="-lluabind" />
					<Add option="-lboost_filesystem-mgw44-mt-s-1_43" />
				</Linker>
			</Target>
		</Build>
		<Compiler>
			<Add option="-Wall" />
			<Add option="-fexceptions" />
			<Add directory="$(#sfml2.include)" />
			<Add directory="$(#boost.include)" />
			<Add directory="$(#lua.include)" />
			<Add directory="$(#luabind.include)" />
			<Add directory="F:\Prog\sfgui2\include" />
			<Add directory="F:\Prog\sfgui2\ext\yaml-cpp-0.2.2\include" />
		</Compiler>
		<Linker>
			<Add option="-static-libgcc" />
			<Add option="-llua51" />
			<Add library="..\libyaml-cpp.a" />
			<Add directory="$(#sfml2.lib)" />
			<Add directory="$(#boost.lib)" />
			<Add directory="$(#lua.lib)" />
			<Add directory="$(#luabind.lib)" />
		</Linker>
		<Unit filename="Engine.cpp" />
		<Unit filename="Engine.hpp" />
		<Unit filename="Game.cpp" />
		<Unit filename="Game.hpp" />
		<Unit filename="GameGlobals.cpp" />
		<Unit filename="GameGlobals.hpp" />
		<Unit filename="Map.cpp" />
		<Unit filename="Map.hpp" />
		<Unit filename="constantes.hpp" />
		<Unit filename="db\Building.hpp" />
		<Unit filename="db\Database.cpp" />
		<Unit filename="db\Database.hpp" />
		<Unit filename="db\DatabaseItem.hpp" />
		<Unit filename="db\DatabaseSerialization.hpp" />
		<Unit filename="db\Faction.hpp" />
		<Unit filename="db\Propulsion.hpp" />
		<Unit filename="db\Tile.hpp" />
		<Unit filename="db\TranslationProvider.cpp" />
		<Unit filename="db\TranslationProvider.hpp" />
		<Unit filename="db\Unit.hpp" />
		<Unit filename="db\Weapon.hpp" />
		<Unit filename="db\XSpriteItem.hpp" />
		<Unit filename="extern\sfgui\Align.cpp" />
		<Unit filename="extern\sfgui\AudioWidget.cpp" />
		<Unit filename="extern\sfgui\BaseWidgetFactory.cpp" />
		<Unit filename="extern\sfgui\Button.cpp" />
		<Unit filename="extern\sfgui\Checkbox.cpp" />
		<Unit filename="extern\sfgui\Container.cpp" />
		<Unit filename="extern\sfgui\DefaultImage.cpp" />
		<Unit filename="extern\sfgui\Editbox.cpp" />
		<Unit filename="extern\sfgui\GUI.cpp" />
		<Unit filename="extern\sfgui\Image.cpp" />
		<Unit filename="extern\sfgui\Label.cpp" />
		<Unit filename="extern\sfgui\ListViewFactory.cpp" />
		<Unit filename="extern\sfgui\Radiobutton.cpp" />
		<Unit filename="extern\sfgui\Scrollbar.cpp" />
		<Unit filename="extern\sfgui\Skin.cpp" />
		<Unit filename="extern\sfgui\SpriteItemView.cpp" />
		<Unit filename="extern\sfgui\Spritebox.cpp" />
		<Unit filename="extern\sfgui\StringUtils.cpp" />
		<Unit filename="extern\sfgui\TextStyle.cpp" />
		<Unit filename="extern\sfgui\Widget.cpp" />
		<Unit filename="extern\sfgui\WidgetFactory.cpp" />
		<Unit filename="extern\sfgui\YAML.cpp" />
		<Unit filename="game\AnimManager.cpp" />
		<Unit filename="game\AnimManager.hpp" />
		<Unit filename="game\GameEntity.cpp" />
		<Unit filename="game\GameEntity.hpp" />
		<Unit filename="game\XSprite.cpp" />
		<Unit filename="game\XSprite.hpp" />
		<Unit filename="lua\LuaDatabase.hpp" />
		<Unit filename="lua\LuaGame.hpp" />
		<Unit filename="lua\LuaTools.hpp" />
		<Unit filename="lua\LuaVirtualMachine.hpp" />
		<Unit filename="main.cpp" />
		<Unit filename="tools\FilesPathHandler.hpp" />
		<Unit filename="tools\ImageManager.cpp" />
		<Unit filename="tools\ImageManager.hpp" />
		<Unit filename="tools\PausableClock.hpp" />
		<Unit filename="tools\ResourceManager.hpp" />
		<Unit filename="tools\Singleton.hpp" />
		<Extensions>
			<code_completion />
			<envvars />
			<debugger />
			<lib_finder disable_auto="1" />
			<DoxyBlocks>
				<comment_style block="0" line="0" />
				<doxyfile_project />
				<doxyfile_build />
				<doxyfile_warnings />
				<doxyfile_output />
				<doxyfile_dot />
				<general />
			</DoxyBlocks>
		</Extensions>
	</Project>
</CodeBlocks_project_file>
